
Microsoft Visual Studio Solution File, Format Version 12.00
# Visual Studio 2012
Project("{FAE04EC0-301F-11D3-BF4B-00C04F79EFBC}") = "Scrabble", "Scrabble\Scrabble.csproj", "{B6F44291-7967-4FEE-AB39-A02167EFA407}"
EndProject
Project("{FAE04EC0-301F-11D3-BF4B-00C04F79EFBC}") = "Scrabble.Tests", "Scrabble.Tests\Scrabble.Tests.csproj", "{1FEDC395-BC5A-4F69-A181-5BDA9DB1EE5A}"
EndProject
Global
	GlobalSection(SolutionConfigurationPlatforms) = preSolution
		Debug|Any CPU = Debug|Any CPU
		Release|Any CPU = Release|Any CPU
	EndGlobalSection
	GlobalSection(ProjectConfigurationPlatforms) = postSolution
		{B6F44291-7967-4FEE-AB39-A02167EFA407}.Debug|Any CPU.ActiveCfg = Debug|Any CPU
		{B6F44291-7967-4FEE-AB39-A02167EFA407}.Debug|Any CPU.Build.0 = Debug|Any CPU
		{B6F44291-7967-4FEE-AB39-A02167EFA407}.Release|Any CPU.ActiveCfg = Release|Any CPU
		{B6F44291-7967-4FEE-AB39-A02167EFA407}.Release|Any CPU.Build.0 = Release|Any CPU
		{1FEDC395-BC5A-4F69-A181-5BDA9DB1EE5A}.Debug|Any CPU.ActiveCfg = Debug|Any CPU
		{1FEDC395-BC5A-4F69-A181-5BDA9DB1EE5A}.Debug|Any CPU.Build.0 = Debug|Any CPU
		{1FEDC395-BC5A-4F69-A181-5BDA9DB1EE5A}.Release|Any CPU.ActiveCfg = Release|Any CPU
		{1FEDC395-BC5A-4F69-A181-5BDA9DB1EE5A}.Release|Any CPU.Build.0 = Release|Any CPU
	EndGlobalSection
EndGlobal
